// !$*UTF8*$!
{
	archiveVersion = 1;
	classes = {
	};
	objectVersion = 51;
	objects = {

/* Begin PBXBuildFile section */
		657833E624246C26000EFE22 /* AppDelegate.swift in Sources */ = {isa = PBXBuildFile; fileRef = 657833E524246C26000EFE22 /* AppDelegate.swift */; };
		657833E824246C26000EFE22 /* SceneDelegate.swift in Sources */ = {isa = PBXBuildFile; fileRef = 657833E724246C26000EFE22 /* SceneDelegate.swift */; };
		657833EA24246C26000EFE22 /* ViewController.swift in Sources */ = {isa = PBXBuildFile; fileRef = 657833E924246C26000EFE22 /* ViewController.swift */; };
		657833ED24246C26000EFE22 /* Main.storyboard in Resources */ = {isa = PBXBuildFile; fileRef = 657833EB24246C26000EFE22 /* Main.storyboard */; };
		657833EF24246C28000EFE22 /* Assets.xcassets in Resources */ = {isa = PBXBuildFile; fileRef = 657833EE24246C28000EFE22 /* Assets.xcassets */; };
		657833F224246C28000EFE22 /* LaunchScreen.storyboard in Resources */ = {isa = PBXBuildFile; fileRef = 657833F024246C28000EFE22 /* LaunchScreen.storyboard */; };
		65EA537324247EC100702FE3 /* UIButtonExtension.swift in Sources */ = {isa = PBXBuildFile; fileRef = 65EA537224247EC100702FE3 /* UIButtonExtension.swift */; };
		D4CA0260AA46A44E633A2CCF /* Pods_RandomQuotes.framework in Frameworks */ = {isa = PBXBuildFile; fileRef = FF29C3721EFCA9C041B4D5FD /* Pods_RandomQuotes.framework */; };
/* End PBXBuildFile section */

/* Begin PBXFileReference section */
		657833E224246C26000EFE22 /* RandomQuotes.app */ = {isa = PBXFileReference; explicitFileType = wrapper.application; includeInIndex = 0; path = RandomQuotes.app; sourceTree = BUILT_PRODUCTS_DIR; };
		657833E524246C26000EFE22 /* AppDelegate.swift */ = {isa = PBXFileReference; lastKnownFileType = sourcecode.swift; path = AppDelegate.swift; sourceTree = "<group>"; };
		657833E724246C26000EFE22 /* SceneDelegate.swift */ = {isa = PBXFileReference; lastKnownFileType = sourcecode.swift; path = SceneDelegate.swift; sourceTree = "<group>"; };
		657833E924246C26000EFE22 /* ViewController.swift */ = {isa = PBXFileReference; lastKnownFileType = sourcecode.swift; path = ViewController.swift; sourceTree = "<group>"; };
		657833EC24246C26000EFE22 /* Base */ = {isa = PBXFileReference; lastKnownFileType = file.storyboard; name = Base; path = Base.lproj/Main.storyboard; sourceTree = "<group>"; };
		657833EE24246C28000EFE22 /* Assets.xcassets */ = {isa = PBXFileReference; lastKnownFileType = folder.assetcatalog; path = Assets.xcassets; sourceTree = "<group>"; };
		657833F124246C28000EFE22 /* Base */ = {isa = PBXFileReference; lastKnownFileType = file.storyboard; name = Base; path = Base.lproj/LaunchScreen.storyboard; sourceTree = "<group>"; };
		657833F324246C28000EFE22 /* Info.plist */ = {isa = PBXFileReference; lastKnownFileType = text.plist.xml; path = Info.plist; sourceTree = "<group>"; };
		65EA537224247EC100702FE3 /* UIButtonExtension.swift */ = {isa = PBXFileReference; lastKnownFileType = sourcecode.swift; path = UIButtonExtension.swift; sourceTree = "<group>"; };
		73A24A73E8BAFECFF66CD7C5 /* Pods-RandomQuotes.debug.xcconfig */ = {isa = PBXFileReference; includeInIndex = 1; lastKnownFileType = text.xcconfig; name = "Pods-RandomQuotes.debug.xcconfig"; path = "Target Support Files/Pods-RandomQuotes/Pods-RandomQuotes.debug.xcconfig"; sourceTree = "<group>"; };
		C4640FE65B4C821058E6431A /* Pods-RandomQuotes.release.xcconfig */ = {isa = PBXFileReference; includeInIndex = 1; lastKnownFileType = text.xcconfig; name = "Pods-RandomQuotes.release.xcconfig"; path = "Target Support Files/Pods-RandomQuotes/Pods-RandomQuotes.release.xcconfig"; sourceTree = "<group>"; };
		FF29C3721EFCA9C041B4D5FD /* Pods_RandomQuotes.framework */ = {isa = PBXFileReference; explicitFileType = wrapper.framework; includeInIndex = 0; path = Pods_RandomQuotes.framework; sourceTree = BUILT_PRODUCTS_DIR; };
/* End PBXFileReference section */

/* Begin PBXFrameworksBuildPhase section */
		657833DF24246C26000EFE22 /* Frameworks */ = {
			isa = PBXFrameworksBuildPhase;
			buildActionMask = 2147483647;
			files = (
				D4CA0260AA46A44E633A2CCF /* Pods_RandomQuotes.framework in Frameworks */,
			);
			runOnlyForDeploymentPostprocessing = 0;
		};
/* End PBXFrameworksBuildPhase section */

/* Begin PBXGroup section */
		657833D924246C26000EFE22 = {
			isa = PBXGroup;
			children = (
				657833E424246C26000EFE22 /* RandomQuotes */,
				657833E324246C26000EFE22 /* Products */,
				8D2E19B53513F1D9A0AEED75 /* Pods */,
				A7A91B62F58CDE6C14B6F3F6 /* Frameworks */,
			);
			sourceTree = "<group>";
		};
		657833E324246C26000EFE22 /* Products */ = {
			isa = PBXGroup;
			children = (
				657833E224246C26000EFE22 /* RandomQuotes.app */,
			);
			name = Products;
			sourceTree = "<group>";
		};
		657833E424246C26000EFE22 /* RandomQuotes */ = {
			isa = PBXGroup;
			children = (
				65EA536E24247E8B00702FE3 /* Models */,
				65EA536F24247E8F00702FE3 /* Controllers */,
				657833FA242477E5000EFE22 /* Views */,
				657833E924246C26000EFE22 /* ViewController.swift */,
				657833F9242477A6000EFE22 /* Resources */,
			);
			path = RandomQuotes;
			sourceTree = "<group>";
		};
		657833F9242477A6000EFE22 /* Resources */ = {
			isa = PBXGroup;
			children = (
				657833E524246C26000EFE22 /* AppDelegate.swift */,
				657833EE24246C28000EFE22 /* Assets.xcassets */,
				657833F324246C28000EFE22 /* Info.plist */,
				657833E724246C26000EFE22 /* SceneDelegate.swift */,
			);
			path = Resources;
			sourceTree = "<group>";
		};
		657833FA242477E5000EFE22 /* Views */ = {
			isa = PBXGroup;
			children = (
				657833EB24246C26000EFE22 /* Main.storyboard */,
				657833F024246C28000EFE22 /* LaunchScreen.storyboard */,
			);
			path = Views;
			sourceTree = "<group>";
		};
		65EA536E24247E8B00702FE3 /* Models */ = {
			isa = PBXGroup;
			children = (
				65EA537224247EC100702FE3 /* UIButtonExtension.swift */,
			);
			path = Models;
			sourceTree = "<group>";
		};
		65EA536F24247E8F00702FE3 /* Controllers */ = {
			isa = PBXGroup;
			children = (
				65EA537024247E9200702FE3 /* ViewControllers */,
				65EA537124247E9900702FE3 /* ModelControllers */,
			);
			path = Controllers;
			sourceTree = "<group>";
		};
		65EA537024247E9200702FE3 /* ViewControllers */ = {
			isa = PBXGroup;
			children = (
			);
			path = ViewControllers;
			sourceTree = "<group>";
		};
		65EA537124247E9900702FE3 /* ModelControllers */ = {
			isa = PBXGroup;
			children = (
			);
			path = ModelControllers;
			sourceTree = "<group>";
		};
		8D2E19B53513F1D9A0AEED75 /* Pods */ = {
			isa = PBXGroup;
			children = (
				73A24A73E8BAFECFF66CD7C5 /* Pods-RandomQuotes.debug.xcconfig */,
				C4640FE65B4C821058E6431A /* Pods-RandomQuotes.release.xcconfig */,
			);
			path = Pods;
			sourceTree = "<group>";
		};
		A7A91B62F58CDE6C14B6F3F6 /* Frameworks */ = {
			isa = PBXGroup;
			children = (
				FF29C3721EFCA9C041B4D5FD /* Pods_RandomQuotes.framework */,
			);
			name = Frameworks;
			sourceTree = "<group>";
		};
/* End PBXGroup section */

/* Begin PBXNativeTarget section */
		657833E124246C26000EFE22 /* RandomQuotes */ = {
			isa = PBXNativeTarget;
			buildConfigurationList = 657833F624246C28000EFE22 /* Build configuration list for PBXNativeTarget "RandomQuotes" */;
			buildPhases = (
				3B15563E748209A54FE27627 /* [CP] Check Pods Manifest.lock */,
				657833DE24246C26000EFE22 /* Sources */,
				657833DF24246C26000EFE22 /* Frameworks */,
				657833E024246C26000EFE22 /* Resources */,
				D207B4D8647D3E20B3F41BFF /* [CP] Embed Pods Frameworks */,
			);
			buildRules = (
			);
			dependencies = (
			);
			name = RandomQuotes;
			productName = RandomQuotes;
			productReference = 657833E224246C26000EFE22 /* RandomQuotes.app */;
			productType = "com.apple.product-type.application";
		};
/* End PBXNativeTarget section */

/* Begin PBXProject section */
		657833DA24246C26000EFE22 /* Project object */ = {
			isa = PBXProject;
			attributes = {
				LastSwiftUpdateCheck = 1130;
				LastUpgradeCheck = 1130;
				ORGANIZATIONNAME = "Never Not";
				TargetAttributes = {
					657833E124246C26000EFE22 = {
						CreatedOnToolsVersion = 11.3.1;
					};
				};
			};
			buildConfigurationList = 657833DD24246C26000EFE22 /* Build configuration list for PBXProject "RandomQuotes" */;
			compatibilityVersion = "Xcode 9.3";
			developmentRegion = en;
			hasScannedForEncodings = 0;
			knownRegions = (
				en,
				Base,
			);
			mainGroup = 657833D924246C26000EFE22;
			productRefGroup = 657833E324246C26000EFE22 /* Products */;
			projectDirPath = "";
			projectRoot = "";
			targets = (
				657833E124246C26000EFE22 /* RandomQuotes */,
			);
		};
/* End PBXProject section */

/* Begin PBXResourcesBuildPhase section */
		657833E024246C26000EFE22 /* Resources */ = {
			isa = PBXResourcesBuildPhase;
			buildActionMask = 2147483647;
			files = (
				657833F224246C28000EFE22 /* LaunchScreen.storyboard in Resources */,
				657833EF24246C28000EFE22 /* Assets.xcassets in Resources */,
				657833ED24246C26000EFE22 /* Main.storyboard in Resources */,
			);
			runOnlyForDeploymentPostprocessing = 0;
		};
/* End PBXResourcesBuildPhase section */

/* Begin PBXShellScriptBuildPhase section */
		3B15563E748209A54FE27627 /* [CP] Check Pods Manifest.lock */ = {
			isa = PBXShellScriptBuildPhase;
			buildActionMask = 2147483647;
			files = (
			);
			inputFileListPaths = (
			);
			inputPaths = (
				"${PODS_PODFILE_DIR_PATH}/Podfile.lock",
				"${PODS_ROOT}/Manifest.lock",
			);
			name = "[CP] Check Pods Manifest.lock";
			outputFileListPaths = (
			);
			outputPaths = (
				"$(DERIVED_FILE_DIR)/Pods-RandomQuotes-checkManifestLockResult.txt",
			);
			runOnlyForDeploymentPostprocessing = 0;
			shellPath = /bin/sh;
			shellScript = "diff \"${PODS_PODFILE_DIR_PATH}/Podfile.lock\" \"${PODS_ROOT}/Manifest.lock\" > /dev/null\nif [ $? != 0 ] ; then\n    # print error to STDERR\n    echo \"error: The sandbox is not in sync with the Podfile.lock. Run 'pod install' or update your CocoaPods installation.\" >&2\n    exit 1\nfi\n# This output is used by Xcode 'outputs' to avoid re-running this script phase.\necho \"SUCCESS\" > \"${SCRIPT_OUTPUT_FILE_0}\"\n";
			showEnvVarsInLog = 0;
		};
		D207B4D8647D3E20B3F41BFF /* [CP] Embed Pods Frameworks */ = {
			isa = PBXShellScriptBuildPhase;
			buildActionMask = 2147483647;
			files = (
			);
			inputFileListPaths = (
				"${PODS_ROOT}/Target Support Files/Pods-RandomQuotes/Pods-RandomQuotes-frameworks-${CONFIGURATION}-input-files.xcfilelist",
			);
			name = "[CP] Embed Pods Frameworks";
			outputFileListPaths = (
				"${PODS_ROOT}/Target Support Files/Pods-RandomQuotes/Pods-RandomQuotes-frameworks-${CONFIGURATION}-output-files.xcfilelist",
			);
			runOnlyForDeploymentPostprocessing = 0;
			shellPath = /bin/sh;
			shellScript = "\"${PODS_ROOT}/Target Support Files/Pods-RandomQuotes/Pods-RandomQuotes-frameworks.sh\"\n";
			showEnvVarsInLog = 0;
		};
/* End PBXShellScriptBuildPhase section */

/* Begin PBXSourcesBuildPhase section */
		657833DE24246C26000EFE22 /* Sources */ = {
			isa = PBXSourcesBuildPhase;
			buildActionMask = 2147483647;
			files = (
				657833EA24246C26000EFE22 /* ViewController.swift in Sources */,
				65EA537324247EC100702FE3 /* UIButtonExtension.swift in Sources */,
				657833E624246C26000EFE22 /* AppDelegate.swift in Sources */,
				657833E824246C26000EFE22 /* SceneDelegate.swift in Sources */,
			);
			runOnlyForDeploymentPostprocessing = 0;
		};
/* End PBXSourcesBuildPhase section */

/* Begin PBXVariantGroup section */
		657833EB24246C26000EFE22 /* Main.storyboard */ = {
			isa = PBXVariantGroup;
			children = (
				657833EC24246C26000EFE22 /* Base */,
			);
			name = Main.storyboard;
			sourceTree = "<group>";
		};
		657833F024246C28000EFE22 /* LaunchScreen.storyboard */ = {
			isa = PBXVariantGroup;
			children = (
				657833F124246C28000EFE22 /* Base */,
			);
			name = LaunchScreen.storyboard;
			sourceTree = "<group>";
		};
/* End PBXVariantGroup section */

/* Begin XCBuildConfiguration section */
		657833F424246C28000EFE22 /* Debug */ = {
			isa = XCBuildConfiguration;
			buildSettings = {
				ALWAYS_SEARCH_USER_PATHS = NO;
				CLANG_ANALYZER_NONNULL = YES;
				CLANG_ANALYZER_NUMBER_OBJECT_CONVERSION = YES_AGGRESSIVE;
				CLANG_CXX_LANGUAGE_STANDARD = "gnu++14";
				CLANG_CXX_LIBRARY = "libc++";
				CLANG_ENABLE_MODULES = YES;
				CLANG_ENABLE_OBJC_ARC = YES;
				CLANG_ENABLE_OBJC_WEAK = YES;
				CLANG_WARN_BLOCK_CAPTURE_AUTORELEASING = YES;
				CLANG_WARN_BOOL_CONVERSION = YES;
				CLANG_WARN_COMMA = YES;
				CLANG_WARN_CONSTANT_CONVERSION = YES;
				CLANG_WARN_DEPRECATED_OBJC_IMPLEMENTATIONS = YES;
				CLANG_WARN_DIRECT_OBJC_ISA_USAGE = YES_ERROR;
				CLANG_WARN_DOCUMENTATION_COMMENTS = YES;
				CLANG_WARN_EMPTY_BODY = YES;
				CLANG_WARN_ENUM_CONVERSION = YES;
				CLANG_WARN_INFINITE_RECURSION = YES;
				CLANG_WARN_INT_CONVERSION = YES;
				CLANG_WARN_NON_LITERAL_NULL_CONVERSION = YES;
				CLANG_WARN_OBJC_IMPLICIT_RETAIN_SELF = YES;
				CLANG_WARN_OBJC_LITERAL_CONVERSION = YES;
				CLANG_WARN_OBJC_ROOT_CLASS = YES_ERROR;
				CLANG_WARN_RANGE_LOOP_ANALYSIS = YES;
				CLANG_WARN_STRICT_PROTOTYPES = YES;
				CLANG_WARN_SUSPICIOUS_MOVE = YES;
				CLANG_WARN_UNGUARDED_AVAILABILITY = YES_AGGRESSIVE;
				CLANG_WARN_UNREACHABLE_CODE = YES;
				CLANG_WARN__DUPLICATE_METHOD_MATCH = YES;
				COPY_PHASE_STRIP = NO;
				DEBUG_INFORMATION_FORMAT = dwarf;
				ENABLE_STRICT_OBJC_MSGSEND = YES;
				ENABLE_TESTABILITY = YES;
				GCC_C_LANGUAGE_STANDARD = gnu11;
				GCC_DYNAMIC_NO_PIC = NO;
				GCC_NO_COMMON_BLOCKS = YES;
				GCC_OPTIMIZATION_LEVEL = 0;
				GCC_PREPROCESSOR_DEFINITIONS = (
					"DEBUG=1",
					"$(inherited)",
				);
				GCC_WARN_64_TO_32_BIT_CONVERSION = YES;
				GCC_WARN_ABOUT_RETURN_TYPE = YES_ERROR;
				GCC_WARN_UNDECLARED_SELECTOR = YES;
				GCC_WARN_UNINITIALIZED_AUTOS = YES_AGGRESSIVE;
				GCC_WARN_UNUSED_FUNCTION = YES;
				GCC_WARN_UNUSED_VARIABLE = YES;
				IPHONEOS_DEPLOYMENT_TARGET = 13.2;
				MTL_ENABLE_DEBUG_INFO = INCLUDE_SOURCE;
				MTL_FAST_MATH = YES;
				ONLY_ACTIVE_ARCH = YES;
				SDKROOT = iphoneos;
				SWIFT_ACTIVE_COMPILATION_CONDITIONS = DEBUG;
				SWIFT_OPTIMIZATION_LEVEL = "-Onone";
			};
			name = Debug;
		};
		657833F524246C28000EFE22 /* Release */ = {
			isa = XCBuildConfiguration;
			buildSettings = {
				ALWAYS_SEARCH_USER_PATHS = NO;
				CLANG_ANALYZER_NONNULL = YES;
				CLANG_ANALYZER_NUMBER_OBJECT_CONVERSION = YES_AGGRESSIVE;
				CLANG_CXX_LANGUAGE_STANDARD = "gnu++14";
				CLANG_CXX_LIBRARY = "libc++";
				CLANG_ENABLE_MODULES = YES;
				CLANG_ENABLE_OBJC_ARC = YES;
				CLANG_ENABLE_OBJC_WEAK = YES;
				CLANG_WARN_BLOCK_CAPTURE_AUTORELEASING = YES;
				CLANG_WARN_BOOL_CONVERSION = YES;
				CLANG_WARN_COMMA = YES;
				CLANG_WARN_CONSTANT_CONVERSION = YES;
				CLANG_WARN_DEPRECATED_OBJC_IMPLEMENTATIONS = YES;
				CLANG_WARN_DIRECT_OBJC_ISA_USAGE = YES_ERROR;
				CLANG_WARN_DOCUMENTATION_COMMENTS = YES;
				CLANG_WARN_EMPTY_BODY = YES;
				CLANG_WARN_ENUM_CONVERSION = YES;
				CLANG_WARN_INFINITE_RECURSION = YES;
				CLANG_WARN_INT_CONVERSION = YES;
				CLANG_WARN_NON_LITERAL_NULL_CONVERSION = YES;
				CLANG_WARN_OBJC_IMPLICIT_RETAIN_SELF = YES;
				CLANG_WARN_OBJC_LITERAL_CONVERSION = YES;
				CLANG_WARN_OBJC_ROOT_CLASS = YES_ERROR;
				CLANG_WARN_RANGE_LOOP_ANALYSIS = YES;
				CLANG_WARN_STRICT_PROTOTYPES = YES;
				CLANG_WARN_SUSPICIOUS_MOVE = YES;
				CLANG_WARN_UNGUARDED_AVAILABILITY = YES_AGGRESSIVE;
				CLANG_WARN_UNREACHABLE_CODE = YES;
				CLANG_WARN__DUPLICATE_METHOD_MATCH = YES;
				COPY_PHASE_STRIP = NO;
				DEBUG_INFORMATION_FORMAT = "dwarf-with-dsym";
				ENABLE_NS_ASSERTIONS = NO;
				ENABLE_STRICT_OBJC_MSGSEND = YES;
				GCC_C_LANGUAGE_STANDARD = gnu11;
				GCC_NO_COMMON_BLOCKS = YES;
				GCC_WARN_64_TO_32_BIT_CONVERSION = YES;
				GCC_WARN_ABOUT_RETURN_TYPE = YES_ERROR;
				GCC_WARN_UNDECLARED_SELECTOR = YES;
				GCC_WARN_UNINITIALIZED_AUTOS = YES_AGGRESSIVE;
				GCC_WARN_UNUSED_FUNCTION = YES;
				GCC_WARN_UNUSED_VARIABLE = YES;
				IPHONEOS_DEPLOYMENT_TARGET = 13.2;
				MTL_ENABLE_DEBUG_INFO = NO;
				MTL_FAST_MATH = YES;
				SDKROOT = iphoneos;
				SWIFT_COMPILATION_MODE = wholemodule;
				SWIFT_OPTIMIZATION_LEVEL = "-O";
				VALIDATE_PRODUCT = YES;
			};
			name = Release;
		};
		657833F724246C28000EFE22 /* Debug */ = {
			isa = XCBuildConfiguration;
			baseConfigurationReference = 73A24A73E8BAFECFF66CD7C5 /* Pods-RandomQuotes.debug.xcconfig */;
			buildSettings = {
				ASSETCATALOG_COMPILER_APPICON_NAME = AppIcon;
				CODE_SIGN_STYLE = Automatic;
				DEVELOPMENT_TEAM = J6T2JGDSTV;
				INFOPLIST_FILE = RandomQuotes/Resources/Info.plist;
				LD_RUNPATH_SEARCH_PATHS = (
					"$(inherited)",
					"@executable_path/Frameworks",
				);
				PRODUCT_BUNDLE_IDENTIFIER = com.NeverNot.RandomQuotes;
				PRODUCT_NAME = "$(TARGET_NAME)";
				SWIFT_VERSION = 5.0;
				TARGETED_DEVICE_FAMILY = "1,2";
			};
			name = Debug;
		};
		657833F824246C28000EFE22 /* Release */ = {
			isa = XCBuildConfiguration;
			baseConfigurationReference = C4640FE65B4C821058E6431A /* Pods-RandomQuotes.release.xcconfig */;
			buildSettings = {
				ASSETCATALOG_COMPILER_APPICON_NAME = AppIcon;
				CODE_SIGN_STYLE = Automatic;
				DEVELOPMENT_TEAM = J6T2JGDSTV;
				INFOPLIST_FILE = RandomQuotes/Resources/Info.plist;
				LD_RUNPATH_SEARCH_PATHS = (
					"$(inherited)",
					"@executable_path/Frameworks",
				);
				PRODUCT_BUNDLE_IDENTIFIER = com.NeverNot.RandomQuotes;
				PRODUCT_NAME = "$(TARGET_NAME)";
				SWIFT_VERSION = 5.0;
				TARGETED_DEVICE_FAMILY = "1,2";
			};
			name = Release;
		};
/* End XCBuildConfiguration section */

/* Begin XCConfigurationList section */
		657833DD24246C26000EFE22 /* Build configuration list for PBXProject "RandomQuotes" */ = {
			isa = XCConfigurationList;
			buildConfigurations = (
				657833F424246C28000EFE22 /* Debug */,
				657833F524246C28000EFE22 /* Release */,
			);
			defaultConfigurationIsVisible = 0;
			defaultConfigurationName = Release;
		};
		657833F624246C28000EFE22 /* Build configuration list for PBXNativeTarget "RandomQuotes" */ = {
			isa = XCConfigurationList;
			buildConfigurations = (
				657833F724246C28000EFE22 /* Debug */,
				657833F824246C28000EFE22 /* Release */,
			);
			defaultConfigurationIsVisible = 0;
			defaultConfigurationName = Release;
		};
/* End XCConfigurationList section */
	};
	rootObject = 657833DA24246C26000EFE22 /* Project object */;
}
